
Microsoft Visual Studio Solution File, Format Version 12.00
# Visual Studio Version 17
VisualStudioVersion = 17.1.32328.378
MinimumVisualStudioVersion = 10.0.40219.1
Project("{9A19103F-16F7-4668-BE54-9A1E7A4F7556}") = "CommonCode", "CommonCode\CommonCode.csproj", "{08979BAF-F200-4BED-905D-91CB2D5025EA}"
EndProject
Project("{2150E333-8FDC-42A3-9474-1A3956D46DE8}") = "Solution Items", "Solution Items", "{DB990194-4DC1-490D-8348-6A869F9484D3}"
	ProjectSection(SolutionItems) = preProject
		Common.pfx = Common.pfx
	EndProjectSection
EndProject
Project("{9A19103F-16F7-4668-BE54-9A1E7A4F7556}") = "CommonCodeTester", "CommonCodeTester\CommonCodeTester.csproj", "{38FEDDA1-C78B-4A1A-BC08-B27C22598461}"
EndProject
Global
	GlobalSection(SolutionConfigurationPlatforms) = preSolution
		Debug|Any CPU = Debug|Any CPU
		Release|Any CPU = Release|Any CPU
	EndGlobalSection
	GlobalSection(ProjectConfigurationPlatforms) = postSolution
		{08979BAF-F200-4BED-905D-91CB2D5025EA}.Debug|Any CPU.ActiveCfg = Debug|Any CPU
		{08979BAF-F200-4BED-905D-91CB2D5025EA}.Debug|Any CPU.Build.0 = Debug|Any CPU
		{08979BAF-F200-4BED-905D-91CB2D5025EA}.Release|Any CPU.ActiveCfg = Release|Any CPU
		{08979BAF-F200-4BED-905D-91CB2D5025EA}.Release|Any CPU.Build.0 = Release|Any CPU
		{38FEDDA1-C78B-4A1A-BC08-B27C22598461}.Debug|Any CPU.ActiveCfg = Debug|Any CPU
		{38FEDDA1-C78B-4A1A-BC08-B27C22598461}.Debug|Any CPU.Build.0 = Debug|Any CPU
		{38FEDDA1-C78B-4A1A-BC08-B27C22598461}.Release|Any CPU.ActiveCfg = Release|Any CPU
		{38FEDDA1-C78B-4A1A-BC08-B27C22598461}.Release|Any CPU.Build.0 = Release|Any CPU
	EndGlobalSection
	GlobalSection(SolutionProperties) = preSolution
		HideSolutionNode = FALSE
	EndGlobalSection
	GlobalSection(ExtensibilityGlobals) = postSolution
		SolutionGuid = {B932C93F-EECB-4953-AAE7-E6349CB0D318}
	EndGlobalSection
EndGlobal
